
Microsoft Visual Studio Solution File, Format Version 12.00
# Visual Studio Version 17
VisualStudioVersion = 17.3.32922.545
MinimumVisualStudioVersion = 10.0.40219.1
Project("{9A19103F-16F7-4668-BE54-9A1E7A4F7556}") = "Silverlight.Web", "src\Silverlight.Web\Silverlight.Web.csproj", "{99ECB1EB-AEB5-4E6C-9613-1BE0200CC1E2}"
EndProject
Project("{9A19103F-16F7-4668-BE54-9A1E7A4F7556}") = "Silverlight.ApplicationCore", "src\Silverlight.ApplicationCore\Silverlight.ApplicationCore.csproj", "{B6FAB961-DF47-4A41-86AC-889E1D5DDBF8}"
EndProject
Project("{9A19103F-16F7-4668-BE54-9A1E7A4F7556}") = "Silverlight.Infrastructure", "src\Silverlight.Infrastructure\Silverlight.Infrastructure.csproj", "{D5D92BA5-AC9A-4179-8398-DD78D6E2CECD}"
EndProject
Global
	GlobalSection(SolutionConfigurationPlatforms) = preSolution
		Debug|Any CPU = Debug|Any CPU
		Release|Any CPU = Release|Any CPU
	EndGlobalSection
	GlobalSection(ProjectConfigurationPlatforms) = postSolution
		{99ECB1EB-AEB5-4E6C-9613-1BE0200CC1E2}.Debug|Any CPU.ActiveCfg = Debug|Any CPU
		{99ECB1EB-AEB5-4E6C-9613-1BE0200CC1E2}.Debug|Any CPU.Build.0 = Debug|Any CPU
		{99ECB1EB-AEB5-4E6C-9613-1BE0200CC1E2}.Release|Any CPU.ActiveCfg = Release|Any CPU
		{99ECB1EB-AEB5-4E6C-9613-1BE0200CC1E2}.Release|Any CPU.Build.0 = Release|Any CPU
		{B6FAB961-DF47-4A41-86AC-889E1D5DDBF8}.Debug|Any CPU.ActiveCfg = Debug|Any CPU
		{B6FAB961-DF47-4A41-86AC-889E1D5DDBF8}.Debug|Any CPU.Build.0 = Debug|Any CPU
		{B6FAB961-DF47-4A41-86AC-889E1D5DDBF8}.Release|Any CPU.ActiveCfg = Release|Any CPU
		{B6FAB961-DF47-4A41-86AC-889E1D5DDBF8}.Release|Any CPU.Build.0 = Release|Any CPU
		{D5D92BA5-AC9A-4179-8398-DD78D6E2CECD}.Debug|Any CPU.ActiveCfg = Debug|Any CPU
		{D5D92BA5-AC9A-4179-8398-DD78D6E2CECD}.Debug|Any CPU.Build.0 = Debug|Any CPU
		{D5D92BA5-AC9A-4179-8398-DD78D6E2CECD}.Release|Any CPU.ActiveCfg = Release|Any CPU
		{D5D92BA5-AC9A-4179-8398-DD78D6E2CECD}.Release|Any CPU.Build.0 = Release|Any CPU
	EndGlobalSection
	GlobalSection(SolutionProperties) = preSolution
		HideSolutionNode = FALSE
	EndGlobalSection
	GlobalSection(ExtensibilityGlobals) = postSolution
		SolutionGuid = {D41FCD01-EE63-4653-928E-C9D1BE5C5F4B}
	EndGlobalSection
EndGlobal
